// !$*UTF8*$!
{
	archiveVersion = 1;
	classes = {
	};
	objectVersion = 50;
	objects = {

/* Begin PBXBuildFile section */
		CB3C5A3525EB89000062B3B1 /* Result.swift in Sources */ = {isa = PBXBuildFile; fileRef = CB3C5A3425EB89000062B3B1 /* Result.swift */; };
		CB3C5A3825EB8A9B0062B3B1 /* UserInfo.swift in Sources */ = {isa = PBXBuildFile; fileRef = CB3C5A3725EB8A9B0062B3B1 /* UserInfo.swift */; };
		CB3C5A4025EB96030062B3B1 /* Question.swift in Sources */ = {isa = PBXBuildFile; fileRef = CB3C5A3F25EB96030062B3B1 /* Question.swift */; };
		CB4B2A4A25EB7F8F000DC37B /* AppDelegate.swift in Sources */ = {isa = PBXBuildFile; fileRef = CB4B2A4925EB7F8F000DC37B /* AppDelegate.swift */; };
		CB4B2A4C25EB7F8F000DC37B /* SceneDelegate.swift in Sources */ = {isa = PBXBuildFile; fileRef = CB4B2A4B25EB7F8F000DC37B /* SceneDelegate.swift */; };
		CB4B2A4E25EB7F8F000DC37B /* ViewController.swift in Sources */ = {isa = PBXBuildFile; fileRef = CB4B2A4D25EB7F8F000DC37B /* ViewController.swift */; };
		CB4B2A5125EB7F8F000DC37B /* Main.storyboard in Resources */ = {isa = PBXBuildFile; fileRef = CB4B2A4F25EB7F8F000DC37B /* Main.storyboard */; };
		CB4B2A5325EB7F8F000DC37B /* Assets.xcassets in Resources */ = {isa = PBXBuildFile; fileRef = CB4B2A5225EB7F8F000DC37B /* Assets.xcassets */; };
		CB4B2A5625EB7F8F000DC37B /* LaunchScreen.storyboard in Resources */ = {isa = PBXBuildFile; fileRef = CB4B2A5425EB7F8F000DC37B /* LaunchScreen.storyboard */; };
		CB4B2A5F25EB853E000DC37B /* QuestionViewController.swift in Sources */ = {isa = PBXBuildFile; fileRef = CB4B2A5E25EB853E000DC37B /* QuestionViewController.swift */; };
		CB4B2A6225EB8551000DC37B /* ResultViewController.swift in Sources */ = {isa = PBXBuildFile; fileRef = CB4B2A6125EB8551000DC37B /* ResultViewController.swift */; };
/* End PBXBuildFile section */

/* Begin PBXFileReference section */
		CB3C5A3425EB89000062B3B1 /* Result.swift */ = {isa = PBXFileReference; lastKnownFileType = sourcecode.swift; path = Result.swift; sourceTree = "<group>"; };
		CB3C5A3725EB8A9B0062B3B1 /* UserInfo.swift */ = {isa = PBXFileReference; lastKnownFileType = sourcecode.swift; path = UserInfo.swift; sourceTree = "<group>"; };
		CB3C5A3F25EB96030062B3B1 /* Question.swift */ = {isa = PBXFileReference; lastKnownFileType = sourcecode.swift; path = Question.swift; sourceTree = "<group>"; };
		CB4B2A4625EB7F8F000DC37B /* DISCTest.app */ = {isa = PBXFileReference; explicitFileType = wrapper.application; includeInIndex = 0; path = DISCTest.app; sourceTree = BUILT_PRODUCTS_DIR; };
		CB4B2A4925EB7F8F000DC37B /* AppDelegate.swift */ = {isa = PBXFileReference; lastKnownFileType = sourcecode.swift; path = AppDelegate.swift; sourceTree = "<group>"; };
		CB4B2A4B25EB7F8F000DC37B /* SceneDelegate.swift */ = {isa = PBXFileReference; lastKnownFileType = sourcecode.swift; path = SceneDelegate.swift; sourceTree = "<group>"; };
		CB4B2A4D25EB7F8F000DC37B /* ViewController.swift */ = {isa = PBXFileReference; lastKnownFileType = sourcecode.swift; path = ViewController.swift; sourceTree = "<group>"; };
		CB4B2A5025EB7F8F000DC37B /* Base */ = {isa = PBXFileReference; lastKnownFileType = file.storyboard; name = Base; path = Base.lproj/Main.storyboard; sourceTree = "<group>"; };
		CB4B2A5225EB7F8F000DC37B /* Assets.xcassets */ = {isa = PBXFileReference; lastKnownFileType = folder.assetcatalog; path = Assets.xcassets; sourceTree = "<group>"; };
		CB4B2A5525EB7F8F000DC37B /* Base */ = {isa = PBXFileReference; lastKnownFileType = file.storyboard; name = Base; path = Base.lproj/LaunchScreen.storyboard; sourceTree = "<group>"; };
		CB4B2A5725EB7F8F000DC37B /* Info.plist */ = {isa = PBXFileReference; lastKnownFileType = text.plist.xml; path = Info.plist; sourceTree = "<group>"; };
		CB4B2A5E25EB853E000DC37B /* QuestionViewController.swift */ = {isa = PBXFileReference; lastKnownFileType = sourcecode.swift; path = QuestionViewController.swift; sourceTree = "<group>"; };
		CB4B2A6125EB8551000DC37B /* ResultViewController.swift */ = {isa = PBXFileReference; lastKnownFileType = sourcecode.swift; path = ResultViewController.swift; sourceTree = "<group>"; };
/* End PBXFileReference section */

/* Begin PBXFrameworksBuildPhase section */
		CB4B2A4325EB7F8F000DC37B /* Frameworks */ = {
			isa = PBXFrameworksBuildPhase;
			buildActionMask = 2147483647;
			files = (
			);
			runOnlyForDeploymentPostprocessing = 0;
		};
/* End PBXFrameworksBuildPhase section */

/* Begin PBXGroup section */
		CB3C5A3A25EB8D580062B3B1 /* Model */ = {
			isa = PBXGroup;
			children = (
				CB3C5A3F25EB96030062B3B1 /* Question.swift */,
				CB3C5A3425EB89000062B3B1 /* Result.swift */,
				CB3C5A3725EB8A9B0062B3B1 /* UserInfo.swift */,
			);
			path = Model;
			sourceTree = "<group>";
		};
		CB3C5A3C25EB8D750062B3B1 /* Controller */ = {
			isa = PBXGroup;
			children = (
				CB4B2A4925EB7F8F000DC37B /* AppDelegate.swift */,
				CB4B2A4D25EB7F8F000DC37B /* ViewController.swift */,
				CB4B2A5E25EB853E000DC37B /* QuestionViewController.swift */,
				CB4B2A6125EB8551000DC37B /* ResultViewController.swift */,
			);
			path = Controller;
			sourceTree = "<group>";
		};
		CB4B2A3D25EB7F8F000DC37B = {
			isa = PBXGroup;
			children = (
				CB4B2A4825EB7F8F000DC37B /* DISCTest */,
				CB4B2A4725EB7F8F000DC37B /* Products */,
			);
			sourceTree = "<group>";
		};
		CB4B2A4725EB7F8F000DC37B /* Products */ = {
			isa = PBXGroup;
			children = (
				CB4B2A4625EB7F8F000DC37B /* DISCTest.app */,
			);
			name = Products;
			sourceTree = "<group>";
		};
		CB4B2A4825EB7F8F000DC37B /* DISCTest */ = {
			isa = PBXGroup;
			children = (
				CB3C5A3A25EB8D580062B3B1 /* Model */,
				CB3C5A3C25EB8D750062B3B1 /* Controller */,
				CB4B2A4B25EB7F8F000DC37B /* SceneDelegate.swift */,
				CB4B2A4F25EB7F8F000DC37B /* Main.storyboard */,
				CB4B2A5225EB7F8F000DC37B /* Assets.xcassets */,
				CB4B2A5425EB7F8F000DC37B /* LaunchScreen.storyboard */,
				CB4B2A5725EB7F8F000DC37B /* Info.plist */,
			);
			path = DISCTest;
			sourceTree = "<group>";
		};
/* End PBXGroup section */

/* Begin PBXNativeTarget section */
		CB4B2A4525EB7F8F000DC37B /* DISCTest */ = {
			isa = PBXNativeTarget;
			buildConfigurationList = CB4B2A5A25EB7F8F000DC37B /* Build configuration list for PBXNativeTarget "DISCTest" */;
			buildPhases = (
				CB4B2A4225EB7F8F000DC37B /* Sources */,
				CB4B2A4325EB7F8F000DC37B /* Frameworks */,
				CB4B2A4425EB7F8F000DC37B /* Resources */,
			);
			buildRules = (
			);
			dependencies = (
			);
			name = DISCTest;
			productName = DISCTest;
			productReference = CB4B2A4625EB7F8F000DC37B /* DISCTest.app */;
			productType = "com.apple.product-type.application";
		};
/* End PBXNativeTarget section */

/* Begin PBXProject section */
		CB4B2A3E25EB7F8F000DC37B /* Project object */ = {
			isa = PBXProject;
			attributes = {
				LastSwiftUpdateCheck = 1240;
				LastUpgradeCheck = 1240;
				TargetAttributes = {
					CB4B2A4525EB7F8F000DC37B = {
						CreatedOnToolsVersion = 12.4;
					};
				};
			};
			buildConfigurationList = CB4B2A4125EB7F8F000DC37B /* Build configuration list for PBXProject "DISCTest" */;
			compatibilityVersion = "Xcode 9.3";
			developmentRegion = en;
			hasScannedForEncodings = 0;
			knownRegions = (
				en,
				Base,
			);
			mainGroup = CB4B2A3D25EB7F8F000DC37B;
			productRefGroup = CB4B2A4725EB7F8F000DC37B /* Products */;
			projectDirPath = "";
			projectRoot = "";
			targets = (
				CB4B2A4525EB7F8F000DC37B /* DISCTest */,
			);
		};
/* End PBXProject section */

/* Begin PBXResourcesBuildPhase section */
		CB4B2A4425EB7F8F000DC37B /* Resources */ = {
			isa = PBXResourcesBuildPhase;
			buildActionMask = 2147483647;
			files = (
				CB4B2A5625EB7F8F000DC37B /* LaunchScreen.storyboard in Resources */,
				CB4B2A5325EB7F8F000DC37B /* Assets.xcassets in Resources */,
				CB4B2A5125EB7F8F000DC37B /* Main.storyboard in Resources */,
			);
			runOnlyForDeploymentPostprocessing = 0;
		};
/* End PBXResourcesBuildPhase section */

/* Begin PBXSourcesBuildPhase section */
		CB4B2A4225EB7F8F000DC37B /* Sources */ = {
			isa = PBXSourcesBuildPhase;
			buildActionMask = 2147483647;
			files = (
				CB4B2A6225EB8551000DC37B /* ResultViewController.swift in Sources */,
				CB3C5A4025EB96030062B3B1 /* Question.swift in Sources */,
				CB4B2A4E25EB7F8F000DC37B /* ViewController.swift in Sources */,
				CB4B2A4A25EB7F8F000DC37B /* AppDelegate.swift in Sources */,
				CB3C5A3825EB8A9B0062B3B1 /* UserInfo.swift in Sources */,
				CB3C5A3525EB89000062B3B1 /* Result.swift in Sources */,
				CB4B2A5F25EB853E000DC37B /* QuestionViewController.swift in Sources */,
				CB4B2A4C25EB7F8F000DC37B /* SceneDelegate.swift in Sources */,
			);
			runOnlyForDeploymentPostprocessing = 0;
		};
/* End PBXSourcesBuildPhase section */

/* Begin PBXVariantGroup section */
		CB4B2A4F25EB7F8F000DC37B /* Main.storyboard */ = {
			isa = PBXVariantGroup;
			children = (
				CB4B2A5025EB7F8F000DC37B /* Base */,
			);
			name = Main.storyboard;
			sourceTree = "<group>";
		};
		CB4B2A5425EB7F8F000DC37B /* LaunchScreen.storyboard */ = {
			isa = PBXVariantGroup;
			children = (
				CB4B2A5525EB7F8F000DC37B /* Base */,
			);
			name = LaunchScreen.storyboard;
			sourceTree = "<group>";
		};
/* End PBXVariantGroup section */

/* Begin XCBuildConfiguration section */
		CB4B2A5825EB7F8F000DC37B /* Debug */ = {
			isa = XCBuildConfiguration;
			buildSettings = {
				ALWAYS_SEARCH_USER_PATHS = NO;
				CLANG_ANALYZER_NONNULL = YES;
				CLANG_ANALYZER_NUMBER_OBJECT_CONVERSION = YES_AGGRESSIVE;
				CLANG_CXX_LANGUAGE_STANDARD = "gnu++14";
				CLANG_CXX_LIBRARY = "libc++";
				CLANG_ENABLE_MODULES = YES;
				CLANG_ENABLE_OBJC_ARC = YES;
				CLANG_ENABLE_OBJC_WEAK = YES;
				CLANG_WARN_BLOCK_CAPTURE_AUTORELEASING = YES;
				CLANG_WARN_BOOL_CONVERSION = YES;
				CLANG_WARN_COMMA = YES;
				CLANG_WARN_CONSTANT_CONVERSION = YES;
				CLANG_WARN_DEPRECATED_OBJC_IMPLEMENTATIONS = YES;
				CLANG_WARN_DIRECT_OBJC_ISA_USAGE = YES_ERROR;
				CLANG_WARN_DOCUMENTATION_COMMENTS = YES;
				CLANG_WARN_EMPTY_BODY = YES;
				CLANG_WARN_ENUM_CONVERSION = YES;
				CLANG_WARN_INFINITE_RECURSION = YES;
				CLANG_WARN_INT_CONVERSION = YES;
				CLANG_WARN_NON_LITERAL_NULL_CONVERSION = YES;
				CLANG_WARN_OBJC_IMPLICIT_RETAIN_SELF = YES;
				CLANG_WARN_OBJC_LITERAL_CONVERSION = YES;
				CLANG_WARN_OBJC_ROOT_CLASS = YES_ERROR;
				CLANG_WARN_QUOTED_INCLUDE_IN_FRAMEWORK_HEADER = YES;
				CLANG_WARN_RANGE_LOOP_ANALYSIS = YES;
				CLANG_WARN_STRICT_PROTOTYPES = YES;
				CLANG_WARN_SUSPICIOUS_MOVE = YES;
				CLANG_WARN_UNGUARDED_AVAILABILITY = YES_AGGRESSIVE;
				CLANG_WARN_UNREACHABLE_CODE = YES;
				CLANG_WARN__DUPLICATE_METHOD_MATCH = YES;
				COPY_PHASE_STRIP = NO;
				DEBUG_INFORMATION_FORMAT = dwarf;
				ENABLE_STRICT_OBJC_MSGSEND = YES;
				ENABLE_TESTABILITY = YES;
				GCC_C_LANGUAGE_STANDARD = gnu11;
				GCC_DYNAMIC_NO_PIC = NO;
				GCC_NO_COMMON_BLOCKS = YES;
				GCC_OPTIMIZATION_LEVEL = 0;
				GCC_PREPROCESSOR_DEFINITIONS = (
					"DEBUG=1",
					"$(inherited)",
				);
				GCC_WARN_64_TO_32_BIT_CONVERSION = YES;
				GCC_WARN_ABOUT_RETURN_TYPE = YES_ERROR;
				GCC_WARN_UNDECLARED_SELECTOR = YES;
				GCC_WARN_UNINITIALIZED_AUTOS = YES_AGGRESSIVE;
				GCC_WARN_UNUSED_FUNCTION = YES;
				GCC_WARN_UNUSED_VARIABLE = YES;
				IPHONEOS_DEPLOYMENT_TARGET = 14.4;
				MTL_ENABLE_DEBUG_INFO = INCLUDE_SOURCE;
				MTL_FAST_MATH = YES;
				ONLY_ACTIVE_ARCH = YES;
				SDKROOT = iphoneos;
				SWIFT_ACTIVE_COMPILATION_CONDITIONS = DEBUG;
				SWIFT_OPTIMIZATION_LEVEL = "-Onone";
			};
			name = Debug;
		};
		CB4B2A5925EB7F8F000DC37B /* Release */ = {
			isa = XCBuildConfiguration;
			buildSettings = {
				ALWAYS_SEARCH_USER_PATHS = NO;
				CLANG_ANALYZER_NONNULL = YES;
				CLANG_ANALYZER_NUMBER_OBJECT_CONVERSION = YES_AGGRESSIVE;
				CLANG_CXX_LANGUAGE_STANDARD = "gnu++14";
				CLANG_CXX_LIBRARY = "libc++";
				CLANG_ENABLE_MODULES = YES;
				CLANG_ENABLE_OBJC_ARC = YES;
				CLANG_ENABLE_OBJC_WEAK = YES;
				CLANG_WARN_BLOCK_CAPTURE_AUTORELEASING = YES;
				CLANG_WARN_BOOL_CONVERSION = YES;
				CLANG_WARN_COMMA = YES;
				CLANG_WARN_CONSTANT_CONVERSION = YES;
				CLANG_WARN_DEPRECATED_OBJC_IMPLEMENTATIONS = YES;
				CLANG_WARN_DIRECT_OBJC_ISA_USAGE = YES_ERROR;
				CLANG_WARN_DOCUMENTATION_COMMENTS = YES;
				CLANG_WARN_EMPTY_BODY = YES;
				CLANG_WARN_ENUM_CONVERSION = YES;
				CLANG_WARN_INFINITE_RECURSION = YES;
				CLANG_WARN_INT_CONVERSION = YES;
				CLANG_WARN_NON_LITERAL_NULL_CONVERSION = YES;
				CLANG_WARN_OBJC_IMPLICIT_RETAIN_SELF = YES;
				CLANG_WARN_OBJC_LITERAL_CONVERSION = YES;
				CLANG_WARN_OBJC_ROOT_CLASS = YES_ERROR;
				CLANG_WARN_QUOTED_INCLUDE_IN_FRAMEWORK_HEADER = YES;
				CLANG_WARN_RANGE_LOOP_ANALYSIS = YES;
				CLANG_WARN_STRICT_PROTOTYPES = YES;
				CLANG_WARN_SUSPICIOUS_MOVE = YES;
				CLANG_WARN_UNGUARDED_AVAILABILITY = YES_AGGRESSIVE;
				CLANG_WARN_UNREACHABLE_CODE = YES;
				CLANG_WARN__DUPLICATE_METHOD_MATCH = YES;
				COPY_PHASE_STRIP = NO;
				DEBUG_INFORMATION_FORMAT = "dwarf-with-dsym";
				ENABLE_NS_ASSERTIONS = NO;
				ENABLE_STRICT_OBJC_MSGSEND = YES;
				GCC_C_LANGUAGE_STANDARD = gnu11;
				GCC_NO_COMMON_BLOCKS = YES;
				GCC_WARN_64_TO_32_BIT_CONVERSION = YES;
				GCC_WARN_ABOUT_RETURN_TYPE = YES_ERROR;
				GCC_WARN_UNDECLARED_SELECTOR = YES;
				GCC_WARN_UNINITIALIZED_AUTOS = YES_AGGRESSIVE;
				GCC_WARN_UNUSED_FUNCTION = YES;
				GCC_WARN_UNUSED_VARIABLE = YES;
				IPHONEOS_DEPLOYMENT_TARGET = 14.4;
				MTL_ENABLE_DEBUG_INFO = NO;
				MTL_FAST_MATH = YES;
				SDKROOT = iphoneos;
				SWIFT_COMPILATION_MODE = wholemodule;
				SWIFT_OPTIMIZATION_LEVEL = "-O";
				VALIDATE_PRODUCT = YES;
			};
			name = Release;
		};
		CB4B2A5B25EB7F8F000DC37B /* Debug */ = {
			isa = XCBuildConfiguration;
			buildSettings = {
				ASSETCATALOG_COMPILER_APPICON_NAME = AppIcon;
				ASSETCATALOG_COMPILER_GLOBAL_ACCENT_COLOR_NAME = AccentColor;
				CODE_SIGN_STYLE = Automatic;
				DEVELOPMENT_TEAM = P8V3V4ZHCZ;
				INFOPLIST_FILE = DISCTest/Info.plist;
				LD_RUNPATH_SEARCH_PATHS = (
					"$(inherited)",
					"@executable_path/Frameworks",
				);
				PRODUCT_BUNDLE_IDENTIFIER = com.Shinyjade.DISCTest;
				PRODUCT_NAME = "$(TARGET_NAME)";
				SWIFT_VERSION = 5.0;
				TARGETED_DEVICE_FAMILY = "1,2";
			};
			name = Debug;
		};
		CB4B2A5C25EB7F8F000DC37B /* Release */ = {
			isa = XCBuildConfiguration;
			buildSettings = {
				ASSETCATALOG_COMPILER_APPICON_NAME = AppIcon;
				ASSETCATALOG_COMPILER_GLOBAL_ACCENT_COLOR_NAME = AccentColor;
				CODE_SIGN_STYLE = Automatic;
				DEVELOPMENT_TEAM = P8V3V4ZHCZ;
				INFOPLIST_FILE = DISCTest/Info.plist;
				LD_RUNPATH_SEARCH_PATHS = (
					"$(inherited)",
					"@executable_path/Frameworks",
				);
				PRODUCT_BUNDLE_IDENTIFIER = com.Shinyjade.DISCTest;
				PRODUCT_NAME = "$(TARGET_NAME)";
				SWIFT_VERSION = 5.0;
				TARGETED_DEVICE_FAMILY = "1,2";
			};
			name = Release;
		};
/* End XCBuildConfiguration section */

/* Begin XCConfigurationList section */
		CB4B2A4125EB7F8F000DC37B /* Build configuration list for PBXProject "DISCTest" */ = {
			isa = XCConfigurationList;
			buildConfigurations = (
				CB4B2A5825EB7F8F000DC37B /* Debug */,
				CB4B2A5925EB7F8F000DC37B /* Release */,
			);
			defaultConfigurationIsVisible = 0;
			defaultConfigurationName = Release;
		};
		CB4B2A5A25EB7F8F000DC37B /* Build configuration list for PBXNativeTarget "DISCTest" */ = {
			isa = XCConfigurationList;
			buildConfigurations = (
				CB4B2A5B25EB7F8F000DC37B /* Debug */,
				CB4B2A5C25EB7F8F000DC37B /* Release */,
			);
			defaultConfigurationIsVisible = 0;
			defaultConfigurationName = Release;
		};
/* End XCConfigurationList section */
	};
	rootObject = CB4B2A3E25EB7F8F000DC37B /* Project object */;
}
